
Microsoft Visual Studio Solution File, Format Version 12.00
# Visual Studio Version 16
VisualStudioVersion = 16.0.29424.173
MinimumVisualStudioVersion = 10.0.40219.1
Project("{FAE04EC0-301F-11D3-BF4B-00C04F79EFBC}") = "Bot", "Bot\Bot.csproj", "{3DAE2861-90F9-4429-BF85-CCB947A3E599}"
	ProjectSection(ProjectDependencies) = postProject
		{3E806ECC-314A-4425-8936-D0BA1B87A316} = {3E806ECC-314A-4425-8936-D0BA1B87A316}
	EndProjectSection
EndProject
Project("{FAE04EC0-301F-11D3-BF4B-00C04F79EFBC}") = "BotApp", "BotApp\BotApp.csproj", "{3E806ECC-314A-4425-8936-D0BA1B87A316}"
EndProject
Project("{FAE04EC0-301F-11D3-BF4B-00C04F79EFBC}") = "Tests", "Tests\Tests.csproj", "{8F0D8247-99EE-4547-9E1A-73882910D50E}"
EndProject
Global
	GlobalSection(SolutionConfigurationPlatforms) = preSolution
		Debug|Any CPU = Debug|Any CPU
		Release|Any CPU = Release|Any CPU
	EndGlobalSection
	GlobalSection(ProjectConfigurationPlatforms) = postSolution
		{3DAE2861-90F9-4429-BF85-CCB947A3E599}.Debug|Any CPU.ActiveCfg = Debug|Any CPU
		{3DAE2861-90F9-4429-BF85-CCB947A3E599}.Debug|Any CPU.Build.0 = Debug|Any CPU
		{3DAE2861-90F9-4429-BF85-CCB947A3E599}.Release|Any CPU.ActiveCfg = Release|Any CPU
		{3DAE2861-90F9-4429-BF85-CCB947A3E599}.Release|Any CPU.Build.0 = Release|Any CPU
		{3E806ECC-314A-4425-8936-D0BA1B87A316}.Debug|Any CPU.ActiveCfg = Debug|Any CPU
		{3E806ECC-314A-4425-8936-D0BA1B87A316}.Debug|Any CPU.Build.0 = Debug|Any CPU
		{3E806ECC-314A-4425-8936-D0BA1B87A316}.Release|Any CPU.ActiveCfg = Release|Any CPU
		{3E806ECC-314A-4425-8936-D0BA1B87A316}.Release|Any CPU.Build.0 = Release|Any CPU
		{8F0D8247-99EE-4547-9E1A-73882910D50E}.Debug|Any CPU.ActiveCfg = Debug|Any CPU
		{8F0D8247-99EE-4547-9E1A-73882910D50E}.Debug|Any CPU.Build.0 = Debug|Any CPU
		{8F0D8247-99EE-4547-9E1A-73882910D50E}.Release|Any CPU.ActiveCfg = Release|Any CPU
		{8F0D8247-99EE-4547-9E1A-73882910D50E}.Release|Any CPU.Build.0 = Release|Any CPU
	EndGlobalSection
	GlobalSection(SolutionProperties) = preSolution
		HideSolutionNode = FALSE
	EndGlobalSection
	GlobalSection(ExtensibilityGlobals) = postSolution
		SolutionGuid = {B9C4517A-607A-40D2-80BB-C358508B46A9}
	EndGlobalSection
EndGlobal
